// !$*UTF8*$!
{
	archiveVersion = 1;
	classes = {
	};
	objectVersion = 45;
	objects = {

/* Begin PBXBuildFile section */
		2C85C57212615DF800826180 /* AEUtils.c in Sources */ = {isa = PBXBuildFile; fileRef = 2C85C57012615DF800826180 /* AEUtils.c */; };
		2C85C592126162C400826180 /* Carbon.framework in Frameworks */ = {isa = PBXBuildFile; fileRef = 2C85C591126162C400826180 /* Carbon.framework */; };
		2C85C6AE1261B1F000826180 /* LapTime.sdef in Resources */ = {isa = PBXBuildFile; fileRef = 2C85C6AD1261B1F000826180 /* LapTime.sdef */; };
		2C85C6DA1261BAC500826180 /* LapTime.r in Rez */ = {isa = PBXBuildFile; fileRef = 2C85C6BE1261BA1100826180 /* LapTime.r */; };
		2C85C70C1261DF3F00826180 /* main.c in Sources */ = {isa = PBXBuildFile; fileRef = 2C9CB0F2125F830700B84F51 /* main.c */; };
		2C85C70D1261DF4200826180 /* LapTime.c in Sources */ = {isa = PBXBuildFile; fileRef = 2C9CB0F5125F833700B84F51 /* LapTime.c */; };
		2C85C70E1261DF4500826180 /* AEUtils.c in Sources */ = {isa = PBXBuildFile; fileRef = 2C85C57012615DF800826180 /* AEUtils.c */; };
		2C85C70F1261DF4C00826180 /* Carbon.framework in Frameworks */ = {isa = PBXBuildFile; fileRef = 2C85C591126162C400826180 /* Carbon.framework */; };
		2C85C7F91261DF5100826180 /* CoreFoundation.framework in Frameworks */ = {isa = PBXBuildFile; fileRef = 0AA1909FFE8422F4C02AAC07 /* CoreFoundation.framework */; };
		2C85C7FA1261DF6400826180 /* LapTime.sdef in Resources */ = {isa = PBXBuildFile; fileRef = 2C85C6AD1261B1F000826180 /* LapTime.sdef */; };
		2C85C82E1261E46E00826180 /* LapTime.r in Rez */ = {isa = PBXBuildFile; fileRef = 2C85C6BE1261BA1100826180 /* LapTime.r */; };
		2C85CA9E126405D500826180 /* Info_10_6.plist in Resources */ = {isa = PBXBuildFile; fileRef = 2C85CA9D126405D500826180 /* Info_10_6.plist */; };
		2C9CB0F3125F830700B84F51 /* main.c in Sources */ = {isa = PBXBuildFile; fileRef = 2C9CB0F2125F830700B84F51 /* main.c */; };
		2C9CB0F6125F833700B84F51 /* LapTime.c in Sources */ = {isa = PBXBuildFile; fileRef = 2C9CB0F5125F833700B84F51 /* LapTime.c */; };
		2C9DEECC1268258F00832F6E /* InfoPlist.strings in Resources */ = {isa = PBXBuildFile; fileRef = 8D5B49A704867FD3000E48DA /* InfoPlist.strings */; };
		2C9DEECD1268258F00832F6E /* LapTime.sdef in Resources */ = {isa = PBXBuildFile; fileRef = 2C85C6AD1261B1F000826180 /* LapTime.sdef */; };
		2C9DEED01268258F00832F6E /* main.c in Sources */ = {isa = PBXBuildFile; fileRef = 2C9CB0F2125F830700B84F51 /* main.c */; };
		2C9DEED11268258F00832F6E /* LapTime.c in Sources */ = {isa = PBXBuildFile; fileRef = 2C9CB0F5125F833700B84F51 /* LapTime.c */; };
		2C9DEED21268258F00832F6E /* AEUtils.c in Sources */ = {isa = PBXBuildFile; fileRef = 2C85C57012615DF800826180 /* AEUtils.c */; };
		2C9DEED41268258F00832F6E /* CoreFoundation.framework in Frameworks */ = {isa = PBXBuildFile; fileRef = 0AA1909FFE8422F4C02AAC07 /* CoreFoundation.framework */; };
		2C9DEED51268258F00832F6E /* Carbon.framework in Frameworks */ = {isa = PBXBuildFile; fileRef = 2C85C591126162C400826180 /* Carbon.framework */; };
		2C9DEED71268258F00832F6E /* LapTime.r in Rez */ = {isa = PBXBuildFile; fileRef = 2C85C6BE1261BA1100826180 /* LapTime.r */; };
		2C9DEF7D1268273300832F6E /* Info_10_5.plist in Resources */ = {isa = PBXBuildFile; fileRef = 8D576317048677EA00EA77CD /* Info_10_5.plist */; };
		8D576314048677EA00EA77CD /* CoreFoundation.framework in Frameworks */ = {isa = PBXBuildFile; fileRef = 0AA1909FFE8422F4C02AAC07 /* CoreFoundation.framework */; };
		8D5B49A804867FD3000E48DA /* InfoPlist.strings in Resources */ = {isa = PBXBuildFile; fileRef = 8D5B49A704867FD3000E48DA /* InfoPlist.strings */; };
/* End PBXBuildFile section */

/* Begin PBXFileReference section */
		089C167EFE841241C02AAC07 /* English */ = {isa = PBXFileReference; fileEncoding = 10; lastKnownFileType = text.plist.strings; name = English; path = English.lproj/InfoPlist.strings; sourceTree = "<group>"; };
		0AA1909FFE8422F4C02AAC07 /* CoreFoundation.framework */ = {isa = PBXFileReference; lastKnownFileType = wrapper.framework; name = CoreFoundation.framework; path = /System/Library/Frameworks/CoreFoundation.framework; sourceTree = "<absolute>"; };
		2C85C57012615DF800826180 /* AEUtils.c */ = {isa = PBXFileReference; fileEncoding = 4; lastKnownFileType = sourcecode.c.c; path = AEUtils.c; sourceTree = "<group>"; };
		2C85C57112615DF800826180 /* AEUtils.h */ = {isa = PBXFileReference; fileEncoding = 4; lastKnownFileType = sourcecode.c.h; path = AEUtils.h; sourceTree = "<group>"; };
		2C85C591126162C400826180 /* Carbon.framework */ = {isa = PBXFileReference; lastKnownFileType = wrapper.framework; name = Carbon.framework; path = /System/Library/Frameworks/Carbon.framework; sourceTree = "<absolute>"; };
		2C85C6AD1261B1F000826180 /* LapTime.sdef */ = {isa = PBXFileReference; fileEncoding = 4; lastKnownFileType = text.sdef; path = LapTime.sdef; sourceTree = "<group>"; };
		2C85C6BE1261BA1100826180 /* LapTime.r */ = {isa = PBXFileReference; fileEncoding = 4; lastKnownFileType = sourcecode.rez; path = LapTime.r; sourceTree = "<group>"; };
		2C85C6FA1261D25500826180 /* LapTimeConstants.h */ = {isa = PBXFileReference; fileEncoding = 4; lastKnownFileType = sourcecode.c.h; path = LapTimeConstants.h; sourceTree = "<group>"; };
		2C85C7041261DEC000826180 /* LapTimeTest.app */ = {isa = PBXFileReference; explicitFileType = wrapper.application; includeInIndex = 0; path = LapTimeTest.app; sourceTree = BUILT_PRODUCTS_DIR; };
		2C85C7061261DEC000826180 /* LapTimeTest-Info.plist */ = {isa = PBXFileReference; lastKnownFileType = text.plist.xml; path = "LapTimeTest-Info.plist"; sourceTree = "<group>"; };
		2C85CA92126402B400826180 /* History.rd */ = {isa = PBXFileReference; fileEncoding = 4; lastKnownFileType = text; name = History.rd; path = ../History.rd; sourceTree = "<group>"; };
		2C85CA9D126405D500826180 /* Info_10_6.plist */ = {isa = PBXFileReference; fileEncoding = 4; lastKnownFileType = text.plist.xml; path = Info_10_6.plist; sourceTree = "<group>"; };
		2C9CB0F2125F830700B84F51 /* main.c */ = {isa = PBXFileReference; fileEncoding = 4; lastKnownFileType = sourcecode.c.c; path = main.c; sourceTree = "<group>"; };
		2C9CB0F4125F833700B84F51 /* LapTime.h */ = {isa = PBXFileReference; fileEncoding = 4; lastKnownFileType = sourcecode.c.h; path = LapTime.h; sourceTree = "<group>"; };
		2C9CB0F5125F833700B84F51 /* LapTime.c */ = {isa = PBXFileReference; fileEncoding = 4; lastKnownFileType = sourcecode.c.c; path = LapTime.c; sourceTree = "<group>"; };
		2C9DEEDB1268258F00832F6E /* LapTime.osax */ = {isa = PBXFileReference; explicitFileType = wrapper.cfbundle; includeInIndex = 0; path = LapTime.osax; sourceTree = BUILT_PRODUCTS_DIR; };
		8D576316048677EA00EA77CD /* LapTime.osax */ = {isa = PBXFileReference; explicitFileType = wrapper.cfbundle; includeInIndex = 0; path = LapTime.osax; sourceTree = BUILT_PRODUCTS_DIR; };
		8D576317048677EA00EA77CD /* Info_10_5.plist */ = {isa = PBXFileReference; fileEncoding = 4; lastKnownFileType = text.plist.xml; path = Info_10_5.plist; sourceTree = "<group>"; };
/* End PBXFileReference section */

/* Begin PBXFrameworksBuildPhase section */
		2C85C7021261DEC000826180 /* Frameworks */ = {
			isa = PBXFrameworksBuildPhase;
			buildActionMask = 2147483647;
			files = (
				2C85C7F91261DF5100826180 /* CoreFoundation.framework in Frameworks */,
				2C85C70F1261DF4C00826180 /* Carbon.framework in Frameworks */,
			);
			runOnlyForDeploymentPostprocessing = 0;
		};
		2C9DEED31268258F00832F6E /* Frameworks */ = {
			isa = PBXFrameworksBuildPhase;
			buildActionMask = 2147483647;
			files = (
				2C9DEED41268258F00832F6E /* CoreFoundation.framework in Frameworks */,
				2C9DEED51268258F00832F6E /* Carbon.framework in Frameworks */,
			);
			runOnlyForDeploymentPostprocessing = 0;
		};
		8D576313048677EA00EA77CD /* Frameworks */ = {
			isa = PBXFrameworksBuildPhase;
			buildActionMask = 2147483647;
			files = (
				8D576314048677EA00EA77CD /* CoreFoundation.framework in Frameworks */,
				2C85C592126162C400826180 /* Carbon.framework in Frameworks */,
			);
			runOnlyForDeploymentPostprocessing = 0;
		};
/* End PBXFrameworksBuildPhase section */

/* Begin PBXGroup section */
		089C166AFE841209C02AAC07 /* LapTime */ = {
			isa = PBXGroup;
			children = (
				2C85CA92126402B400826180 /* History.rd */,
				2C85C56F12615DF800826180 /* AEUtils */,
				08FB77AFFE84173DC02AAC07 /* Source */,
				089C167CFE841241C02AAC07 /* Resources */,
				089C1671FE841209C02AAC07 /* External Frameworks and Libraries */,
				19C28FB6FE9D52B211CA2CBB /* Products */,
			);
			name = LapTime;
			sourceTree = "<group>";
		};
		089C1671FE841209C02AAC07 /* External Frameworks and Libraries */ = {
			isa = PBXGroup;
			children = (
				2C85C591126162C400826180 /* Carbon.framework */,
				0AA1909FFE8422F4C02AAC07 /* CoreFoundation.framework */,
			);
			name = "External Frameworks and Libraries";
			sourceTree = "<group>";
		};
		089C167CFE841241C02AAC07 /* Resources */ = {
			isa = PBXGroup;
			children = (
				2C85C6BE1261BA1100826180 /* LapTime.r */,
				2C85C6AD1261B1F000826180 /* LapTime.sdef */,
				8D576317048677EA00EA77CD /* Info_10_5.plist */,
				2C85CA9D126405D500826180 /* Info_10_6.plist */,
				2C85C7061261DEC000826180 /* LapTimeTest-Info.plist */,
				8D5B49A704867FD3000E48DA /* InfoPlist.strings */,
			);
			name = Resources;
			sourceTree = "<group>";
		};
		08FB77AFFE84173DC02AAC07 /* Source */ = {
			isa = PBXGroup;
			children = (
				2C9CB0F2125F830700B84F51 /* main.c */,
				2C85C6FA1261D25500826180 /* LapTimeConstants.h */,
				2C9CB0F4125F833700B84F51 /* LapTime.h */,
				2C9CB0F5125F833700B84F51 /* LapTime.c */,
			);
			name = Source;
			sourceTree = "<group>";
		};
		19C28FB6FE9D52B211CA2CBB /* Products */ = {
			isa = PBXGroup;
			children = (
				8D576316048677EA00EA77CD /* LapTime.osax */,
				2C85C7041261DEC000826180 /* LapTimeTest.app */,
				2C9DEEDB1268258F00832F6E /* LapTime.osax */,
			);
			name = Products;
			sourceTree = "<group>";
		};
		2C85C56F12615DF800826180 /* AEUtils */ = {
			isa = PBXGroup;
			children = (
				2C85C57012615DF800826180 /* AEUtils.c */,
				2C85C57112615DF800826180 /* AEUtils.h */,
			);
			path = AEUtils;
			sourceTree = "<group>";
		};
/* End PBXGroup section */

/* Begin PBXNativeTarget section */
		2C85C7031261DEC000826180 /* LapTimeTest */ = {
			isa = PBXNativeTarget;
			buildConfigurationList = 2C85C7091261DEC100826180 /* Build configuration list for PBXNativeTarget "LapTimeTest" */;
			buildPhases = (
				2C85C8191261E32800826180 /* ShellScript */,
				2C85C7001261DEC000826180 /* Resources */,
				2C85C7011261DEC000826180 /* Sources */,
				2C85C7021261DEC000826180 /* Frameworks */,
				2C85C8361261E47200826180 /* Rez */,
			);
			buildRules = (
			);
			dependencies = (
			);
			name = LapTimeTest;
			productName = LapTimeTest;
			productReference = 2C85C7041261DEC000826180 /* LapTimeTest.app */;
			productType = "com.apple.product-type.application";
		};
		2C9DEEC81268258F00832F6E /* LapTime */ = {
			isa = PBXNativeTarget;
			buildConfigurationList = 2C9DEED81268258F00832F6E /* Build configuration list for PBXNativeTarget "LapTime" */;
			buildPhases = (
				2C9DEEC91268258F00832F6E /* ShellScript */,
				2C9DEECA1268258F00832F6E /* ShellScript */,
				2C9DEECB1268258F00832F6E /* Resources */,
				2C9DEECF1268258F00832F6E /* Sources */,
				2C9DEED31268258F00832F6E /* Frameworks */,
				2C9DEED61268258F00832F6E /* Rez */,
			);
			buildRules = (
			);
			dependencies = (
			);
			name = LapTime;
			productInstallPath = "$(HOME)/Library/Bundles";
			productName = LapTime;
			productReference = 2C9DEEDB1268258F00832F6E /* LapTime.osax */;
			productType = "com.apple.product-type.bundle";
		};
		8D57630D048677EA00EA77CD /* LapTime for 10.5 */ = {
			isa = PBXNativeTarget;
			buildConfigurationList = 1DEB911A08733D790010E9CD /* Build configuration list for PBXNativeTarget "LapTime for 10.5" */;
			buildPhases = (
				2C85C6B01261B97800826180 /* ShellScript */,
				2C85C6B21261B9C700826180 /* ShellScript */,
				8D57630F048677EA00EA77CD /* Resources */,
				8D576311048677EA00EA77CD /* Sources */,
				8D576313048677EA00EA77CD /* Frameworks */,
				2C85C6DB1261BAE300826180 /* Rez */,
			);
			buildRules = (
			);
			dependencies = (
			);
			name = "LapTime for 10.5";
			productInstallPath = "$(HOME)/Library/Bundles";
			productName = LapTime;
			productReference = 8D576316048677EA00EA77CD /* LapTime.osax */;
			productType = "com.apple.product-type.bundle";
		};
/* End PBXNativeTarget section */

/* Begin PBXProject section */
		089C1669FE841209C02AAC07 /* Project object */ = {
			isa = PBXProject;
			buildConfigurationList = 1DEB911E08733D790010E9CD /* Build configuration list for PBXProject "LapTime" */;
			compatibilityVersion = "Xcode 3.1";
			hasScannedForEncodings = 1;
			mainGroup = 089C166AFE841209C02AAC07 /* LapTime */;
			projectDirPath = "";
			projectRoot = "";
			targets = (
				2C9DEEC81268258F00832F6E /* LapTime */,
				8D57630D048677EA00EA77CD /* LapTime for 10.5 */,
				2C85C7031261DEC000826180 /* LapTimeTest */,
			);
		};
/* End PBXProject section */

/* Begin PBXResourcesBuildPhase section */
		2C85C7001261DEC000826180 /* Resources */ = {
			isa = PBXResourcesBuildPhase;
			buildActionMask = 2147483647;
			files = (
				2C85C7FA1261DF6400826180 /* LapTime.sdef in Resources */,
			);
			runOnlyForDeploymentPostprocessing = 0;
		};
		2C9DEECB1268258F00832F6E /* Resources */ = {
			isa = PBXResourcesBuildPhase;
			buildActionMask = 2147483647;
			files = (
				2C9DEF7D1268273300832F6E /* Info_10_5.plist in Resources */,
				2C9DEECC1268258F00832F6E /* InfoPlist.strings in Resources */,
				2C9DEECD1268258F00832F6E /* LapTime.sdef in Resources */,
			);
			runOnlyForDeploymentPostprocessing = 0;
		};
		8D57630F048677EA00EA77CD /* Resources */ = {
			isa = PBXResourcesBuildPhase;
			buildActionMask = 2147483647;
			files = (
				2C85CA9E126405D500826180 /* Info_10_6.plist in Resources */,
				8D5B49A804867FD3000E48DA /* InfoPlist.strings in Resources */,
				2C85C6AE1261B1F000826180 /* LapTime.sdef in Resources */,
			);
			runOnlyForDeploymentPostprocessing = 0;
		};
/* End PBXResourcesBuildPhase section */

/* Begin PBXRezBuildPhase section */
		2C85C6DB1261BAE300826180 /* Rez */ = {
			isa = PBXRezBuildPhase;
			buildActionMask = 2147483647;
			files = (
				2C85C6DA1261BAC500826180 /* LapTime.r in Rez */,
			);
			runOnlyForDeploymentPostprocessing = 0;
		};
		2C85C8361261E47200826180 /* Rez */ = {
			isa = PBXRezBuildPhase;
			buildActionMask = 2147483647;
			files = (
				2C85C82E1261E46E00826180 /* LapTime.r in Rez */,
			);
			runOnlyForDeploymentPostprocessing = 0;
		};
		2C9DEED61268258F00832F6E /* Rez */ = {
			isa = PBXRezBuildPhase;
			buildActionMask = 2147483647;
			files = (
				2C9DEED71268258F00832F6E /* LapTime.r in Rez */,
			);
			runOnlyForDeploymentPostprocessing = 0;
		};
/* End PBXRezBuildPhase section */

/* Begin PBXShellScriptBuildPhase section */
		2C85C6B01261B97800826180 /* ShellScript */ = {
			isa = PBXShellScriptBuildPhase;
			buildActionMask = 8;
			files = (
			);
			inputPaths = (
			);
			outputPaths = (
			);
			runOnlyForDeploymentPostprocessing = 1;
			shellPath = /bin/sh;
			shellScript = "osascript <<EOS\ntry\ntell application \"Finder\"\n        set theItem to POSIX file \"${INSTALL_DIR}/${PRODUCT_NAME}\"\n        delete (theItem as alias)\nend tell\nend try\nreturn\nEOS\n";
		};
		2C85C6B21261B9C700826180 /* ShellScript */ = {
			isa = PBXShellScriptBuildPhase;
			buildActionMask = 2147483647;
			files = (
			);
			inputPaths = (
				"$(SRCROOT)/LapTime.sdef",
			);
			outputPaths = (
				"$(DERIVED_FILE_DIR)/LapTime.r",
			);
			runOnlyForDeploymentPostprocessing = 0;
			shellPath = /bin/sh;
			shellScript = "/usr/bin/sdp -f a -o \"${SRCROOT}/LapTime.r\" LapTime.sdef";
		};
		2C85C8191261E32800826180 /* ShellScript */ = {
			isa = PBXShellScriptBuildPhase;
			buildActionMask = 2147483647;
			files = (
			);
			inputPaths = (
				"$(SRCROOT)/LapTime.sdef",
			);
			outputPaths = (
				"$(DERIVED_FILE_DIR)/LapTime.r",
			);
			runOnlyForDeploymentPostprocessing = 0;
			shellPath = /bin/sh;
			shellScript = "/usr/bin/sdp -f a -o \"${SRCROOT}/LapTime.r\" LapTime.sdef";
		};
		2C9DEEC91268258F00832F6E /* ShellScript */ = {
			isa = PBXShellScriptBuildPhase;
			buildActionMask = 8;
			files = (
			);
			inputPaths = (
			);
			outputPaths = (
			);
			runOnlyForDeploymentPostprocessing = 1;
			shellPath = /bin/sh;
			shellScript = "osascript <<EOS\ntry\ntell application \"Finder\"\n        set theItem to POSIX file \"${INSTALL_DIR}/${PRODUCT_NAME}\"\n        delete (theItem as alias)\nend tell\nend try\nreturn\nEOS\n";
		};
		2C9DEECA1268258F00832F6E /* ShellScript */ = {
			isa = PBXShellScriptBuildPhase;
			buildActionMask = 2147483647;
			files = (
			);
			inputPaths = (
				"$(SRCROOT)/LapTime.sdef",
			);
			outputPaths = (
				"$(DERIVED_FILE_DIR)/LapTime.r",
			);
			runOnlyForDeploymentPostprocessing = 0;
			shellPath = /bin/sh;
			shellScript = "/usr/bin/sdp -f a -o \"${SRCROOT}/LapTime.r\" LapTime.sdef";
		};
/* End PBXShellScriptBuildPhase section */

/* Begin PBXSourcesBuildPhase section */
		2C85C7011261DEC000826180 /* Sources */ = {
			isa = PBXSourcesBuildPhase;
			buildActionMask = 2147483647;
			files = (
				2C85C70E1261DF4500826180 /* AEUtils.c in Sources */,
				2C85C70D1261DF4200826180 /* LapTime.c in Sources */,
				2C85C70C1261DF3F00826180 /* main.c in Sources */,
			);
			runOnlyForDeploymentPostprocessing = 0;
		};
		2C9DEECF1268258F00832F6E /* Sources */ = {
			isa = PBXSourcesBuildPhase;
			buildActionMask = 2147483647;
			files = (
				2C9DEED01268258F00832F6E /* main.c in Sources */,
				2C9DEED11268258F00832F6E /* LapTime.c in Sources */,
				2C9DEED21268258F00832F6E /* AEUtils.c in Sources */,
			);
			runOnlyForDeploymentPostprocessing = 0;
		};
		8D576311048677EA00EA77CD /* Sources */ = {
			isa = PBXSourcesBuildPhase;
			buildActionMask = 2147483647;
			files = (
				2C9CB0F3125F830700B84F51 /* main.c in Sources */,
				2C9CB0F6125F833700B84F51 /* LapTime.c in Sources */,
				2C85C57212615DF800826180 /* AEUtils.c in Sources */,
			);
			runOnlyForDeploymentPostprocessing = 0;
		};
/* End PBXSourcesBuildPhase section */

/* Begin PBXVariantGroup section */
		8D5B49A704867FD3000E48DA /* InfoPlist.strings */ = {
			isa = PBXVariantGroup;
			children = (
				089C167EFE841241C02AAC07 /* English */,
			);
			name = InfoPlist.strings;
			sourceTree = "<group>";
		};
/* End PBXVariantGroup section */

/* Begin XCBuildConfiguration section */
		1DEB911B08733D790010E9CD /* Debug */ = {
			isa = XCBuildConfiguration;
			buildSettings = {
				ALWAYS_SEARCH_USER_PATHS = NO;
				COPY_PHASE_STRIP = NO;
				CURRENT_PROJECT_VERSION = 3;
				GCC_DYNAMIC_NO_PIC = NO;
				GCC_ENABLE_FIX_AND_CONTINUE = YES;
				GCC_MODEL_TUNING = G5;
				GCC_OPTIMIZATION_LEVEL = 0;
				INFOPLIST_FILE = Info_10_5.plist;
				INSTALL_PATH = /Library/ScriptingAdditions;
				PRODUCT_NAME = LapTime;
				VERSIONING_SYSTEM = "apple-generic";
				WRAPPER_EXTENSION = osax;
			};
			name = Debug;
		};
		1DEB911C08733D790010E9CD /* Release */ = {
			isa = XCBuildConfiguration;
			buildSettings = {
				ALWAYS_SEARCH_USER_PATHS = NO;
				ARCHS = "$(ARCHS_STANDARD_32_64_BIT)";
				CURRENT_PROJECT_VERSION = 3;
				DEBUG_INFORMATION_FORMAT = "dwarf-with-dsym";
				GCC_MODEL_TUNING = G5;
				INFOPLIST_FILE = Info_10_5.plist;
				INSTALL_PATH = /Library/ScriptingAdditions;
				"MACOSX_DEPLOYMENT_TARGET[sdk=macosx10.4][arch=i386]" = 10.4;
				"MACOSX_DEPLOYMENT_TARGET[sdk=macosx10.4][arch=ppc]" = 10.4;
				"MACOSX_DEPLOYMENT_TARGET[sdk=macosx10.5][arch=ppc64]" = 10.5;
				"MACOSX_DEPLOYMENT_TARGET[sdk=macosx10.5][arch=x86_64]" = 10.5;
				PRODUCT_NAME = LapTime;
				VERSIONING_SYSTEM = "apple-generic";
				WRAPPER_EXTENSION = osax;
			};
			name = Release;
		};
		1DEB911F08733D790010E9CD /* Debug */ = {
			isa = XCBuildConfiguration;
			buildSettings = {
				ARCHS = "$(ARCHS_STANDARD_32_BIT)";
				GCC_C_LANGUAGE_STANDARD = c99;
				GCC_OPTIMIZATION_LEVEL = 0;
				GCC_WARN_ABOUT_RETURN_TYPE = YES;
				GCC_WARN_UNUSED_VARIABLE = YES;
				ONLY_ACTIVE_ARCH = YES;
				PREBINDING = NO;
				SDKROOT = macosx10.5;
			};
			name = Debug;
		};
		1DEB912008733D790010E9CD /* Release */ = {
			isa = XCBuildConfiguration;
			buildSettings = {
				ARCHS = "$(ARCHS_STANDARD_32_BIT)";
				GCC_C_LANGUAGE_STANDARD = c99;
				GCC_WARN_ABOUT_RETURN_TYPE = YES;
				GCC_WARN_UNUSED_VARIABLE = YES;
				PREBINDING = NO;
				SDKROOT = macosx10.5;
			};
			name = Release;
		};
		2C85C7071261DEC100826180 /* Debug */ = {
			isa = XCBuildConfiguration;
			buildSettings = {
				ALWAYS_SEARCH_USER_PATHS = NO;
				COPY_PHASE_STRIP = NO;
				GCC_DYNAMIC_NO_PIC = NO;
				GCC_ENABLE_FIX_AND_CONTINUE = YES;
				GCC_MODEL_TUNING = G5;
				GCC_OPTIMIZATION_LEVEL = 0;
				GCC_PRECOMPILE_PREFIX_HEADER = YES;
				GCC_PREFIX_HEADER = "$(SYSTEM_LIBRARY_DIR)/Frameworks/Carbon.framework/Headers/Carbon.h";
				INFOPLIST_FILE = "LapTimeTest-Info.plist";
				INSTALL_PATH = "$(HOME)/Applications";
				OTHER_LDFLAGS = (
					"-framework",
					Carbon,
				);
				PREBINDING = NO;
				PRODUCT_NAME = LapTimeTest;
			};
			name = Debug;
		};
		2C85C7081261DEC100826180 /* Release */ = {
			isa = XCBuildConfiguration;
			buildSettings = {
				ALWAYS_SEARCH_USER_PATHS = NO;
				COPY_PHASE_STRIP = YES;
				DEBUG_INFORMATION_FORMAT = "dwarf-with-dsym";
				GCC_ENABLE_FIX_AND_CONTINUE = NO;
				GCC_MODEL_TUNING = G5;
				GCC_PRECOMPILE_PREFIX_HEADER = YES;
				GCC_PREFIX_HEADER = "$(SYSTEM_LIBRARY_DIR)/Frameworks/Carbon.framework/Headers/Carbon.h";
				INFOPLIST_FILE = "LapTimeTest-Info.plist";
				INSTALL_PATH = "$(HOME)/Applications";
				OTHER_LDFLAGS = (
					"-framework",
					Carbon,
				);
				PREBINDING = NO;
				PRODUCT_NAME = LapTimeTest;
				ZERO_LINK = NO;
			};
			name = Release;
		};
		2C9DEED91268258F00832F6E /* Debug */ = {
			isa = XCBuildConfiguration;
			buildSettings = {
				ALWAYS_SEARCH_USER_PATHS = NO;
				COPY_PHASE_STRIP = NO;
				CURRENT_PROJECT_VERSION = 3;
				GCC_DYNAMIC_NO_PIC = NO;
				GCC_ENABLE_FIX_AND_CONTINUE = YES;
				GCC_MODEL_TUNING = G5;
				GCC_OPTIMIZATION_LEVEL = 0;
				INFOPLIST_FILE = /Users/tkurita/Dev/Projects/LapTime/trunk/Info_10_6.plist;
				INSTALL_PATH = /Library/ScriptingAdditions;
				PRODUCT_NAME = LapTime;
				VERSIONING_SYSTEM = "apple-generic";
				WRAPPER_EXTENSION = osax;
			};
			name = Debug;
		};
		2C9DEEDA1268258F00832F6E /* Release */ = {
			isa = XCBuildConfiguration;
			buildSettings = {
				ALWAYS_SEARCH_USER_PATHS = NO;
				ARCHS = "$(ARCHS_STANDARD_32_64_BIT)";
				CURRENT_PROJECT_VERSION = 3;
				DEBUG_INFORMATION_FORMAT = "dwarf-with-dsym";
				GCC_MODEL_TUNING = G5;
				INFOPLIST_FILE = /Users/tkurita/Dev/Projects/LapTime/trunk/Info_10_6.plist;
				INSTALL_PATH = /Library/ScriptingAdditions;
				"MACOSX_DEPLOYMENT_TARGET[sdk=macosx10.4][arch=i386]" = 10.4;
				"MACOSX_DEPLOYMENT_TARGET[sdk=macosx10.4][arch=ppc]" = 10.4;
				"MACOSX_DEPLOYMENT_TARGET[sdk=macosx10.5][arch=ppc64]" = 10.5;
				"MACOSX_DEPLOYMENT_TARGET[sdk=macosx10.5][arch=x86_64]" = 10.5;
				PRODUCT_NAME = LapTime;
				VERSIONING_SYSTEM = "apple-generic";
				WRAPPER_EXTENSION = osax;
			};
			name = Release;
		};
/* End XCBuildConfiguration section */

/* Begin XCConfigurationList section */
		1DEB911A08733D790010E9CD /* Build configuration list for PBXNativeTarget "LapTime for 10.5" */ = {
			isa = XCConfigurationList;
			buildConfigurations = (
				1DEB911B08733D790010E9CD /* Debug */,
				1DEB911C08733D790010E9CD /* Release */,
			);
			defaultConfigurationIsVisible = 0;
			defaultConfigurationName = Release;
		};
		1DEB911E08733D790010E9CD /* Build configuration list for PBXProject "LapTime" */ = {
			isa = XCConfigurationList;
			buildConfigurations = (
				1DEB911F08733D790010E9CD /* Debug */,
				1DEB912008733D790010E9CD /* Release */,
			);
			defaultConfigurationIsVisible = 0;
			defaultConfigurationName = Release;
		};
		2C85C7091261DEC100826180 /* Build configuration list for PBXNativeTarget "LapTimeTest" */ = {
			isa = XCConfigurationList;
			buildConfigurations = (
				2C85C7071261DEC100826180 /* Debug */,
				2C85C7081261DEC100826180 /* Release */,
			);
			defaultConfigurationIsVisible = 0;
			defaultConfigurationName = Release;
		};
		2C9DEED81268258F00832F6E /* Build configuration list for PBXNativeTarget "LapTime" */ = {
			isa = XCConfigurationList;
			buildConfigurations = (
				2C9DEED91268258F00832F6E /* Debug */,
				2C9DEEDA1268258F00832F6E /* Release */,
			);
			defaultConfigurationIsVisible = 0;
			defaultConfigurationName = Release;
		};
/* End XCConfigurationList section */
	};
	rootObject = 089C1669FE841209C02AAC07 /* Project object */;
}
